
Microsoft Visual Studio Solution File, Format Version 12.00
# Visual Studio 15
VisualStudioVersion = 15.0.28307.1525
MinimumVisualStudioVersion = 10.0.40219.1
Project("{FAE04EC0-301F-11D3-BF4B-00C04F79EFBC}") = "Jen", "Jen\Jen.csproj", "{99D9736D-A665-41F7-B335-032DFBA217DA}"
EndProject
Project("{FAE04EC0-301F-11D3-BF4B-00C04F79EFBC}") = "UnitTestProject", "UnitTestProject\UnitTestProject.csproj", "{D2144A4E-E47B-4C2D-8352-BFDB5DB70409}"
EndProject
Global
	GlobalSection(SolutionConfigurationPlatforms) = preSolution
		Debug|Any CPU = Debug|Any CPU
		Release|Any CPU = Release|Any CPU
	EndGlobalSection
	GlobalSection(ProjectConfigurationPlatforms) = postSolution
		{99D9736D-A665-41F7-B335-032DFBA217DA}.Debug|Any CPU.ActiveCfg = Debug|Any CPU
		{99D9736D-A665-41F7-B335-032DFBA217DA}.Debug|Any CPU.Build.0 = Debug|Any CPU
		{99D9736D-A665-41F7-B335-032DFBA217DA}.Release|Any CPU.ActiveCfg = Release|Any CPU
		{99D9736D-A665-41F7-B335-032DFBA217DA}.Release|Any CPU.Build.0 = Release|Any CPU
		{D2144A4E-E47B-4C2D-8352-BFDB5DB70409}.Debug|Any CPU.ActiveCfg = Debug|Any CPU
		{D2144A4E-E47B-4C2D-8352-BFDB5DB70409}.Debug|Any CPU.Build.0 = Debug|Any CPU
		{D2144A4E-E47B-4C2D-8352-BFDB5DB70409}.Release|Any CPU.ActiveCfg = Release|Any CPU
		{D2144A4E-E47B-4C2D-8352-BFDB5DB70409}.Release|Any CPU.Build.0 = Release|Any CPU
	EndGlobalSection
	GlobalSection(SolutionProperties) = preSolution
		HideSolutionNode = FALSE
	EndGlobalSection
	GlobalSection(ExtensibilityGlobals) = postSolution
		SolutionGuid = {F99D873B-E21F-4290-ADFB-F6644909400F}
	EndGlobalSection
EndGlobal
